
Microsoft Visual Studio Solution File, Format Version 12.00
# Visual Studio Version 17
VisualStudioVersion = 17.9.34607.119
MinimumVisualStudioVersion = 10.0.40219.1
Project("{9A19103F-16F7-4668-BE54-9A1E7A4F7556}") = "SolutionSumOf2MinInCollection", "TestSolutionSum2Min\SolutionSumOf2MinInCollection.csproj", "{5D2C0A8A-1C1F-4516-8688-5D70A1724341}"
EndProject
Project("{9A19103F-16F7-4668-BE54-9A1E7A4F7556}") = "UnitTestsIsSolutionShould", "TestSolution\UnitTestsIsSolutionShould.csproj", "{94E15A02-4B5C-446B-8516-F2303FF1C241}"
EndProject
Global
	GlobalSection(SolutionConfigurationPlatforms) = preSolution
		Debug|Any CPU = Debug|Any CPU
		Release|Any CPU = Release|Any CPU
	EndGlobalSection
	GlobalSection(ProjectConfigurationPlatforms) = postSolution
		{5D2C0A8A-1C1F-4516-8688-5D70A1724341}.Debug|Any CPU.ActiveCfg = Debug|Any CPU
		{5D2C0A8A-1C1F-4516-8688-5D70A1724341}.Debug|Any CPU.Build.0 = Debug|Any CPU
		{5D2C0A8A-1C1F-4516-8688-5D70A1724341}.Release|Any CPU.ActiveCfg = Release|Any CPU
		{5D2C0A8A-1C1F-4516-8688-5D70A1724341}.Release|Any CPU.Build.0 = Release|Any CPU
		{94E15A02-4B5C-446B-8516-F2303FF1C241}.Debug|Any CPU.ActiveCfg = Debug|Any CPU
		{94E15A02-4B5C-446B-8516-F2303FF1C241}.Debug|Any CPU.Build.0 = Debug|Any CPU
		{94E15A02-4B5C-446B-8516-F2303FF1C241}.Release|Any CPU.ActiveCfg = Release|Any CPU
		{94E15A02-4B5C-446B-8516-F2303FF1C241}.Release|Any CPU.Build.0 = Release|Any CPU
	EndGlobalSection
	GlobalSection(SolutionProperties) = preSolution
		HideSolutionNode = FALSE
	EndGlobalSection
	GlobalSection(ExtensibilityGlobals) = postSolution
		SolutionGuid = {7708114D-41EF-4A5A-86AC-5EDF556EA537}
	EndGlobalSection
EndGlobal
